// !$*UTF8*$!
{
	archiveVersion = 1;
	classes = {
	};
	objectVersion = 50;
	objects = {

/* Begin PBXBuildFile section */
		8604C1A4269FCD950019DAA4 /* AppDelegate.swift in Sources */ = {isa = PBXBuildFile; fileRef = 8604C1A3269FCD950019DAA4 /* AppDelegate.swift */; };
		8604C1A6269FCD950019DAA4 /* SceneDelegate.swift in Sources */ = {isa = PBXBuildFile; fileRef = 8604C1A5269FCD950019DAA4 /* SceneDelegate.swift */; };
		8604C1A8269FCD950019DAA4 /* ViewController.swift in Sources */ = {isa = PBXBuildFile; fileRef = 8604C1A7269FCD950019DAA4 /* ViewController.swift */; };
		8604C1AB269FCD950019DAA4 /* Main.storyboard in Resources */ = {isa = PBXBuildFile; fileRef = 8604C1A9269FCD950019DAA4 /* Main.storyboard */; };
		8604C1AD269FCD9D0019DAA4 /* Assets.xcassets in Resources */ = {isa = PBXBuildFile; fileRef = 8604C1AC269FCD9D0019DAA4 /* Assets.xcassets */; };
		8604C1B0269FCD9D0019DAA4 /* LaunchScreen.storyboard in Resources */ = {isa = PBXBuildFile; fileRef = 8604C1AE269FCD9D0019DAA4 /* LaunchScreen.storyboard */; };
		8604C1BB269FCD9D0019DAA4 /* _About_Me_Tests.swift in Sources */ = {isa = PBXBuildFile; fileRef = 8604C1BA269FCD9D0019DAA4 /* _About_Me_Tests.swift */; };
		8604C1C6269FCD9D0019DAA4 /* _About_Me_UITests.swift in Sources */ = {isa = PBXBuildFile; fileRef = 8604C1C5269FCD9D0019DAA4 /* _About_Me_UITests.swift */; };
/* End PBXBuildFile section */

/* Begin PBXContainerItemProxy section */
		8604C1B7269FCD9D0019DAA4 /* PBXContainerItemProxy */ = {
			isa = PBXContainerItemProxy;
			containerPortal = 8604C198269FCD950019DAA4 /* Project object */;
			proxyType = 1;
			remoteGlobalIDString = 8604C19F269FCD950019DAA4;
			remoteInfo = "\"About Me\"";
		};
		8604C1C2269FCD9D0019DAA4 /* PBXContainerItemProxy */ = {
			isa = PBXContainerItemProxy;
			containerPortal = 8604C198269FCD950019DAA4 /* Project object */;
			proxyType = 1;
			remoteGlobalIDString = 8604C19F269FCD950019DAA4;
			remoteInfo = "\"About Me\"";
		};
/* End PBXContainerItemProxy section */

/* Begin PBXFileReference section */
		8604C1A0269FCD950019DAA4 /* "About Me".app */ = {isa = PBXFileReference; explicitFileType = wrapper.application; includeInIndex = 0; path = "\"About Me\".app"; sourceTree = BUILT_PRODUCTS_DIR; };
		8604C1A3269FCD950019DAA4 /* AppDelegate.swift */ = {isa = PBXFileReference; lastKnownFileType = sourcecode.swift; path = AppDelegate.swift; sourceTree = "<group>"; };
		8604C1A5269FCD950019DAA4 /* SceneDelegate.swift */ = {isa = PBXFileReference; lastKnownFileType = sourcecode.swift; path = SceneDelegate.swift; sourceTree = "<group>"; };
		8604C1A7269FCD950019DAA4 /* ViewController.swift */ = {isa = PBXFileReference; lastKnownFileType = sourcecode.swift; path = ViewController.swift; sourceTree = "<group>"; };
		8604C1AA269FCD950019DAA4 /* Base */ = {isa = PBXFileReference; lastKnownFileType = file.storyboard; name = Base; path = Base.lproj/Main.storyboard; sourceTree = "<group>"; };
		8604C1AC269FCD9D0019DAA4 /* Assets.xcassets */ = {isa = PBXFileReference; lastKnownFileType = folder.assetcatalog; path = Assets.xcassets; sourceTree = "<group>"; };
		8604C1AF269FCD9D0019DAA4 /* Base */ = {isa = PBXFileReference; lastKnownFileType = file.storyboard; name = Base; path = Base.lproj/LaunchScreen.storyboard; sourceTree = "<group>"; };
		8604C1B1269FCD9D0019DAA4 /* Info.plist */ = {isa = PBXFileReference; lastKnownFileType = text.plist.xml; path = Info.plist; sourceTree = "<group>"; };
		8604C1B6269FCD9D0019DAA4 /* "About Me"Tests.xctest */ = {isa = PBXFileReference; explicitFileType = wrapper.cfbundle; includeInIndex = 0; path = "\"About Me\"Tests.xctest"; sourceTree = BUILT_PRODUCTS_DIR; };
		8604C1BA269FCD9D0019DAA4 /* _About_Me_Tests.swift */ = {isa = PBXFileReference; lastKnownFileType = sourcecode.swift; path = _About_Me_Tests.swift; sourceTree = "<group>"; };
		8604C1BC269FCD9D0019DAA4 /* Info.plist */ = {isa = PBXFileReference; lastKnownFileType = text.plist.xml; path = Info.plist; sourceTree = "<group>"; };
		8604C1C1269FCD9D0019DAA4 /* "About Me"UITests.xctest */ = {isa = PBXFileReference; explicitFileType = wrapper.cfbundle; includeInIndex = 0; path = "\"About Me\"UITests.xctest"; sourceTree = BUILT_PRODUCTS_DIR; };
		8604C1C5269FCD9D0019DAA4 /* _About_Me_UITests.swift */ = {isa = PBXFileReference; lastKnownFileType = sourcecode.swift; path = _About_Me_UITests.swift; sourceTree = "<group>"; };
		8604C1C7269FCD9D0019DAA4 /* Info.plist */ = {isa = PBXFileReference; lastKnownFileType = text.plist.xml; path = Info.plist; sourceTree = "<group>"; };
/* End PBXFileReference section */

/* Begin PBXFrameworksBuildPhase section */
		8604C19D269FCD950019DAA4 /* Frameworks */ = {
			isa = PBXFrameworksBuildPhase;
			buildActionMask = 2147483647;
			files = (
			);
			runOnlyForDeploymentPostprocessing = 0;
		};
		8604C1B3269FCD9D0019DAA4 /* Frameworks */ = {
			isa = PBXFrameworksBuildPhase;
			buildActionMask = 2147483647;
			files = (
			);
			runOnlyForDeploymentPostprocessing = 0;
		};
		8604C1BE269FCD9D0019DAA4 /* Frameworks */ = {
			isa = PBXFrameworksBuildPhase;
			buildActionMask = 2147483647;
			files = (
			);
			runOnlyForDeploymentPostprocessing = 0;
		};
/* End PBXFrameworksBuildPhase section */

/* Begin PBXGroup section */
		8604C197269FCD950019DAA4 = {
			isa = PBXGroup;
			children = (
				8604C1A2269FCD950019DAA4 /* "About Me" */,
				8604C1B9269FCD9D0019DAA4 /* "About Me"Tests */,
				8604C1C4269FCD9D0019DAA4 /* "About Me"UITests */,
				8604C1A1269FCD950019DAA4 /* Products */,
			);
			sourceTree = "<group>";
		};
		8604C1A1269FCD950019DAA4 /* Products */ = {
			isa = PBXGroup;
			children = (
				8604C1A0269FCD950019DAA4 /* "About Me".app */,
				8604C1B6269FCD9D0019DAA4 /* "About Me"Tests.xctest */,
				8604C1C1269FCD9D0019DAA4 /* "About Me"UITests.xctest */,
			);
			name = Products;
			sourceTree = "<group>";
		};
		8604C1A2269FCD950019DAA4 /* "About Me" */ = {
			isa = PBXGroup;
			children = (
				8604C1A3269FCD950019DAA4 /* AppDelegate.swift */,
				8604C1A5269FCD950019DAA4 /* SceneDelegate.swift */,
				8604C1A7269FCD950019DAA4 /* ViewController.swift */,
				8604C1A9269FCD950019DAA4 /* Main.storyboard */,
				8604C1AC269FCD9D0019DAA4 /* Assets.xcassets */,
				8604C1AE269FCD9D0019DAA4 /* LaunchScreen.storyboard */,
				8604C1B1269FCD9D0019DAA4 /* Info.plist */,
			);
			path = "\"About Me\"";
			sourceTree = "<group>";
		};
		8604C1B9269FCD9D0019DAA4 /* "About Me"Tests */ = {
			isa = PBXGroup;
			children = (
				8604C1BA269FCD9D0019DAA4 /* _About_Me_Tests.swift */,
				8604C1BC269FCD9D0019DAA4 /* Info.plist */,
			);
			path = "\"About Me\"Tests";
			sourceTree = "<group>";
		};
		8604C1C4269FCD9D0019DAA4 /* "About Me"UITests */ = {
			isa = PBXGroup;
			children = (
				8604C1C5269FCD9D0019DAA4 /* _About_Me_UITests.swift */,
				8604C1C7269FCD9D0019DAA4 /* Info.plist */,
			);
			path = "\"About Me\"UITests";
			sourceTree = "<group>";
		};
/* End PBXGroup section */

/* Begin PBXNativeTarget section */
		8604C19F269FCD950019DAA4 /* "About Me" */ = {
			isa = PBXNativeTarget;
			buildConfigurationList = 8604C1CA269FCD9D0019DAA4 /* Build configuration list for PBXNativeTarget ""About Me"" */;
			buildPhases = (
				8604C19C269FCD950019DAA4 /* Sources */,
				8604C19D269FCD950019DAA4 /* Frameworks */,
				8604C19E269FCD950019DAA4 /* Resources */,
			);
			buildRules = (
			);
			dependencies = (
			);
			name = "\"About Me\"";
			productName = "\"About Me\"";
			productReference = 8604C1A0269FCD950019DAA4 /* "About Me".app */;
			productType = "com.apple.product-type.application";
		};
		8604C1B5269FCD9D0019DAA4 /* "About Me"Tests */ = {
			isa = PBXNativeTarget;
			buildConfigurationList = 8604C1CD269FCD9D0019DAA4 /* Build configuration list for PBXNativeTarget ""About Me"Tests" */;
			buildPhases = (
				8604C1B2269FCD9D0019DAA4 /* Sources */,
				8604C1B3269FCD9D0019DAA4 /* Frameworks */,
				8604C1B4269FCD9D0019DAA4 /* Resources */,
			);
			buildRules = (
			);
			dependencies = (
				8604C1B8269FCD9D0019DAA4 /* PBXTargetDependency */,
			);
			name = "\"About Me\"Tests";
			productName = "\"About Me\"Tests";
			productReference = 8604C1B6269FCD9D0019DAA4 /* "About Me"Tests.xctest */;
			productType = "com.apple.product-type.bundle.unit-test";
		};
		8604C1C0269FCD9D0019DAA4 /* "About Me"UITests */ = {
			isa = PBXNativeTarget;
			buildConfigurationList = 8604C1D0269FCD9D0019DAA4 /* Build configuration list for PBXNativeTarget ""About Me"UITests" */;
			buildPhases = (
				8604C1BD269FCD9D0019DAA4 /* Sources */,
				8604C1BE269FCD9D0019DAA4 /* Frameworks */,
				8604C1BF269FCD9D0019DAA4 /* Resources */,
			);
			buildRules = (
			);
			dependencies = (
				8604C1C3269FCD9D0019DAA4 /* PBXTargetDependency */,
			);
			name = "\"About Me\"UITests";
			productName = "\"About Me\"UITests";
			productReference = 8604C1C1269FCD9D0019DAA4 /* "About Me"UITests.xctest */;
			productType = "com.apple.product-type.bundle.ui-testing";
		};
/* End PBXNativeTarget section */

/* Begin PBXProject section */
		8604C198269FCD950019DAA4 /* Project object */ = {
			isa = PBXProject;
			attributes = {
				LastSwiftUpdateCheck = 1250;
				LastUpgradeCheck = 1250;
				TargetAttributes = {
					8604C19F269FCD950019DAA4 = {
						CreatedOnToolsVersion = 12.5.1;
					};
					8604C1B5269FCD9D0019DAA4 = {
						CreatedOnToolsVersion = 12.5.1;
						TestTargetID = 8604C19F269FCD950019DAA4;
					};
					8604C1C0269FCD9D0019DAA4 = {
						CreatedOnToolsVersion = 12.5.1;
						TestTargetID = 8604C19F269FCD950019DAA4;
					};
				};
			};
			buildConfigurationList = 8604C19B269FCD950019DAA4 /* Build configuration list for PBXProject ""About Me"" */;
			compatibilityVersion = "Xcode 9.3";
			developmentRegion = en;
			hasScannedForEncodings = 0;
			knownRegions = (
				en,
				Base,
			);
			mainGroup = 8604C197269FCD950019DAA4;
			productRefGroup = 8604C1A1269FCD950019DAA4 /* Products */;
			projectDirPath = "";
			projectRoot = "";
			targets = (
				8604C19F269FCD950019DAA4 /* "About Me" */,
				8604C1B5269FCD9D0019DAA4 /* "About Me"Tests */,
				8604C1C0269FCD9D0019DAA4 /* "About Me"UITests */,
			);
		};
/* End PBXProject section */

/* Begin PBXResourcesBuildPhase section */
		8604C19E269FCD950019DAA4 /* Resources */ = {
			isa = PBXResourcesBuildPhase;
			buildActionMask = 2147483647;
			files = (
				8604C1B0269FCD9D0019DAA4 /* LaunchScreen.storyboard in Resources */,
				8604C1AD269FCD9D0019DAA4 /* Assets.xcassets in Resources */,
				8604C1AB269FCD950019DAA4 /* Main.storyboard in Resources */,
			);
			runOnlyForDeploymentPostprocessing = 0;
		};
		8604C1B4269FCD9D0019DAA4 /* Resources */ = {
			isa = PBXResourcesBuildPhase;
			buildActionMask = 2147483647;
			files = (
			);
			runOnlyForDeploymentPostprocessing = 0;
		};
		8604C1BF269FCD9D0019DAA4 /* Resources */ = {
			isa = PBXResourcesBuildPhase;
			buildActionMask = 2147483647;
			files = (
			);
			runOnlyForDeploymentPostprocessing = 0;
		};
/* End PBXResourcesBuildPhase section */

/* Begin PBXSourcesBuildPhase section */
		8604C19C269FCD950019DAA4 /* Sources */ = {
			isa = PBXSourcesBuildPhase;
			buildActionMask = 2147483647;
			files = (
				8604C1A8269FCD950019DAA4 /* ViewController.swift in Sources */,
				8604C1A4269FCD950019DAA4 /* AppDelegate.swift in Sources */,
				8604C1A6269FCD950019DAA4 /* SceneDelegate.swift in Sources */,
			);
			runOnlyForDeploymentPostprocessing = 0;
		};
		8604C1B2269FCD9D0019DAA4 /* Sources */ = {
			isa = PBXSourcesBuildPhase;
			buildActionMask = 2147483647;
			files = (
				8604C1BB269FCD9D0019DAA4 /* _About_Me_Tests.swift in Sources */,
			);
			runOnlyForDeploymentPostprocessing = 0;
		};
		8604C1BD269FCD9D0019DAA4 /* Sources */ = {
			isa = PBXSourcesBuildPhase;
			buildActionMask = 2147483647;
			files = (
				8604C1C6269FCD9D0019DAA4 /* _About_Me_UITests.swift in Sources */,
			);
			runOnlyForDeploymentPostprocessing = 0;
		};
/* End PBXSourcesBuildPhase section */

/* Begin PBXTargetDependency section */
		8604C1B8269FCD9D0019DAA4 /* PBXTargetDependency */ = {
			isa = PBXTargetDependency;
			target = 8604C19F269FCD950019DAA4 /* "About Me" */;
			targetProxy = 8604C1B7269FCD9D0019DAA4 /* PBXContainerItemProxy */;
		};
		8604C1C3269FCD9D0019DAA4 /* PBXTargetDependency */ = {
			isa = PBXTargetDependency;
			target = 8604C19F269FCD950019DAA4 /* "About Me" */;
			targetProxy = 8604C1C2269FCD9D0019DAA4 /* PBXContainerItemProxy */;
		};
/* End PBXTargetDependency section */

/* Begin PBXVariantGroup section */
		8604C1A9269FCD950019DAA4 /* Main.storyboard */ = {
			isa = PBXVariantGroup;
			children = (
				8604C1AA269FCD950019DAA4 /* Base */,
			);
			name = Main.storyboard;
			sourceTree = "<group>";
		};
		8604C1AE269FCD9D0019DAA4 /* LaunchScreen.storyboard */ = {
			isa = PBXVariantGroup;
			children = (
				8604C1AF269FCD9D0019DAA4 /* Base */,
			);
			name = LaunchScreen.storyboard;
			sourceTree = "<group>";
		};
/* End PBXVariantGroup section */

/* Begin XCBuildConfiguration section */
		8604C1C8269FCD9D0019DAA4 /* Debug */ = {
			isa = XCBuildConfiguration;
			buildSettings = {
				ALWAYS_SEARCH_USER_PATHS = NO;
				CLANG_ANALYZER_NONNULL = YES;
				CLANG_ANALYZER_NUMBER_OBJECT_CONVERSION = YES_AGGRESSIVE;
				CLANG_CXX_LANGUAGE_STANDARD = "gnu++14";
				CLANG_CXX_LIBRARY = "libc++";
				CLANG_ENABLE_MODULES = YES;
				CLANG_ENABLE_OBJC_ARC = YES;
				CLANG_ENABLE_OBJC_WEAK = YES;
				CLANG_WARN_BLOCK_CAPTURE_AUTORELEASING = YES;
				CLANG_WARN_BOOL_CONVERSION = YES;
				CLANG_WARN_COMMA = YES;
				CLANG_WARN_CONSTANT_CONVERSION = YES;
				CLANG_WARN_DEPRECATED_OBJC_IMPLEMENTATIONS = YES;
				CLANG_WARN_DIRECT_OBJC_ISA_USAGE = YES_ERROR;
				CLANG_WARN_DOCUMENTATION_COMMENTS = YES;
				CLANG_WARN_EMPTY_BODY = YES;
				CLANG_WARN_ENUM_CONVERSION = YES;
				CLANG_WARN_INFINITE_RECURSION = YES;
				CLANG_WARN_INT_CONVERSION = YES;
				CLANG_WARN_NON_LITERAL_NULL_CONVERSION = YES;
				CLANG_WARN_OBJC_IMPLICIT_RETAIN_SELF = YES;
				CLANG_WARN_OBJC_LITERAL_CONVERSION = YES;
				CLANG_WARN_OBJC_ROOT_CLASS = YES_ERROR;
				CLANG_WARN_QUOTED_INCLUDE_IN_FRAMEWORK_HEADER = YES;
				CLANG_WARN_RANGE_LOOP_ANALYSIS = YES;
				CLANG_WARN_STRICT_PROTOTYPES = YES;
				CLANG_WARN_SUSPICIOUS_MOVE = YES;
				CLANG_WARN_UNGUARDED_AVAILABILITY = YES_AGGRESSIVE;
				CLANG_WARN_UNREACHABLE_CODE = YES;
				CLANG_WARN__DUPLICATE_METHOD_MATCH = YES;
				COPY_PHASE_STRIP = NO;
				DEBUG_INFORMATION_FORMAT = dwarf;
				ENABLE_STRICT_OBJC_MSGSEND = YES;
				ENABLE_TESTABILITY = YES;
				GCC_C_LANGUAGE_STANDARD = gnu11;
				GCC_DYNAMIC_NO_PIC = NO;
				GCC_NO_COMMON_BLOCKS = YES;
				GCC_OPTIMIZATION_LEVEL = 0;
				GCC_PREPROCESSOR_DEFINITIONS = (
					"DEBUG=1",
					"$(inherited)",
				);
				GCC_WARN_64_TO_32_BIT_CONVERSION = YES;
				GCC_WARN_ABOUT_RETURN_TYPE = YES_ERROR;
				GCC_WARN_UNDECLARED_SELECTOR = YES;
				GCC_WARN_UNINITIALIZED_AUTOS = YES_AGGRESSIVE;
				GCC_WARN_UNUSED_FUNCTION = YES;
				GCC_WARN_UNUSED_VARIABLE = YES;
				IPHONEOS_DEPLOYMENT_TARGET = 14.5;
				MTL_ENABLE_DEBUG_INFO = INCLUDE_SOURCE;
				MTL_FAST_MATH = YES;
				ONLY_ACTIVE_ARCH = YES;
				SDKROOT = iphoneos;
				SWIFT_ACTIVE_COMPILATION_CONDITIONS = DEBUG;
				SWIFT_OPTIMIZATION_LEVEL = "-Onone";
			};
			name = Debug;
		};
		8604C1C9269FCD9D0019DAA4 /* Release */ = {
			isa = XCBuildConfiguration;
			buildSettings = {
				ALWAYS_SEARCH_USER_PATHS = NO;
				CLANG_ANALYZER_NONNULL = YES;
				CLANG_ANALYZER_NUMBER_OBJECT_CONVERSION = YES_AGGRESSIVE;
				CLANG_CXX_LANGUAGE_STANDARD = "gnu++14";
				CLANG_CXX_LIBRARY = "libc++";
				CLANG_ENABLE_MODULES = YES;
				CLANG_ENABLE_OBJC_ARC = YES;
				CLANG_ENABLE_OBJC_WEAK = YES;
				CLANG_WARN_BLOCK_CAPTURE_AUTORELEASING = YES;
				CLANG_WARN_BOOL_CONVERSION = YES;
				CLANG_WARN_COMMA = YES;
				CLANG_WARN_CONSTANT_CONVERSION = YES;
				CLANG_WARN_DEPRECATED_OBJC_IMPLEMENTATIONS = YES;
				CLANG_WARN_DIRECT_OBJC_ISA_USAGE = YES_ERROR;
				CLANG_WARN_DOCUMENTATION_COMMENTS = YES;
				CLANG_WARN_EMPTY_BODY = YES;
				CLANG_WARN_ENUM_CONVERSION = YES;
				CLANG_WARN_INFINITE_RECURSION = YES;
				CLANG_WARN_INT_CONVERSION = YES;
				CLANG_WARN_NON_LITERAL_NULL_CONVERSION = YES;
				CLANG_WARN_OBJC_IMPLICIT_RETAIN_SELF = YES;
				CLANG_WARN_OBJC_LITERAL_CONVERSION = YES;
				CLANG_WARN_OBJC_ROOT_CLASS = YES_ERROR;
				CLANG_WARN_QUOTED_INCLUDE_IN_FRAMEWORK_HEADER = YES;
				CLANG_WARN_RANGE_LOOP_ANALYSIS = YES;
				CLANG_WARN_STRICT_PROTOTYPES = YES;
				CLANG_WARN_SUSPICIOUS_MOVE = YES;
				CLANG_WARN_UNGUARDED_AVAILABILITY = YES_AGGRESSIVE;
				CLANG_WARN_UNREACHABLE_CODE = YES;
				CLANG_WARN__DUPLICATE_METHOD_MATCH = YES;
				COPY_PHASE_STRIP = NO;
				DEBUG_INFORMATION_FORMAT = "dwarf-with-dsym";
				ENABLE_NS_ASSERTIONS = NO;
				ENABLE_STRICT_OBJC_MSGSEND = YES;
				GCC_C_LANGUAGE_STANDARD = gnu11;
				GCC_NO_COMMON_BLOCKS = YES;
				GCC_WARN_64_TO_32_BIT_CONVERSION = YES;
				GCC_WARN_ABOUT_RETURN_TYPE = YES_ERROR;
				GCC_WARN_UNDECLARED_SELECTOR = YES;
				GCC_WARN_UNINITIALIZED_AUTOS = YES_AGGRESSIVE;
				GCC_WARN_UNUSED_FUNCTION = YES;
				GCC_WARN_UNUSED_VARIABLE = YES;
				IPHONEOS_DEPLOYMENT_TARGET = 14.5;
				MTL_ENABLE_DEBUG_INFO = NO;
				MTL_FAST_MATH = YES;
				SDKROOT = iphoneos;
				SWIFT_COMPILATION_MODE = wholemodule;
				SWIFT_OPTIMIZATION_LEVEL = "-O";
				VALIDATE_PRODUCT = YES;
			};
			name = Release;
		};
		8604C1CB269FCD9D0019DAA4 /* Debug */ = {
			isa = XCBuildConfiguration;
			buildSettings = {
				ASSETCATALOG_COMPILER_APPICON_NAME = AppIcon;
				ASSETCATALOG_COMPILER_GLOBAL_ACCENT_COLOR_NAME = AccentColor;
				CODE_SIGN_STYLE = Automatic;
				DEVELOPMENT_TEAM = HGGGKAPK7J;
				INFOPLIST_FILE = "\"About Me\"/Info.plist";
				LD_RUNPATH_SEARCH_PATHS = (
					"$(inherited)",
					"@executable_path/Frameworks",
				);
				PRODUCT_BUNDLE_IDENTIFIER = "N-A.-About-Me-";
				PRODUCT_NAME = "$(TARGET_NAME)";
				SWIFT_VERSION = 5.0;
				TARGETED_DEVICE_FAMILY = "1,2";
			};
			name = Debug;
		};
		8604C1CC269FCD9D0019DAA4 /* Release */ = {
			isa = XCBuildConfiguration;
			buildSettings = {
				ASSETCATALOG_COMPILER_APPICON_NAME = AppIcon;
				ASSETCATALOG_COMPILER_GLOBAL_ACCENT_COLOR_NAME = AccentColor;
				CODE_SIGN_STYLE = Automatic;
				DEVELOPMENT_TEAM = HGGGKAPK7J;
				INFOPLIST_FILE = "\"About Me\"/Info.plist";
				LD_RUNPATH_SEARCH_PATHS = (
					"$(inherited)",
					"@executable_path/Frameworks",
				);
				PRODUCT_BUNDLE_IDENTIFIER = "N-A.-About-Me-";
				PRODUCT_NAME = "$(TARGET_NAME)";
				SWIFT_VERSION = 5.0;
				TARGETED_DEVICE_FAMILY = "1,2";
			};
			name = Release;
		};
		8604C1CE269FCD9D0019DAA4 /* Debug */ = {
			isa = XCBuildConfiguration;
			buildSettings = {
				ALWAYS_EMBED_SWIFT_STANDARD_LIBRARIES = YES;
				BUNDLE_LOADER = "$(TEST_HOST)";
				CODE_SIGN_STYLE = Automatic;
				DEVELOPMENT_TEAM = HGGGKAPK7J;
				INFOPLIST_FILE = "\"About Me\"Tests/Info.plist";
				IPHONEOS_DEPLOYMENT_TARGET = 14.5;
				LD_RUNPATH_SEARCH_PATHS = (
					"$(inherited)",
					"@executable_path/Frameworks",
					"@loader_path/Frameworks",
				);
				PRODUCT_BUNDLE_IDENTIFIER = "N-A.-About-Me-Tests";
				PRODUCT_NAME = "$(TARGET_NAME)";
				SWIFT_VERSION = 5.0;
				TARGETED_DEVICE_FAMILY = "1,2";
				TEST_HOST = "$(BUILT_PRODUCTS_DIR)/\"About Me\".app/\"About Me\"";
			};
			name = Debug;
		};
		8604C1CF269FCD9D0019DAA4 /* Release */ = {
			isa = XCBuildConfiguration;
			buildSettings = {
				ALWAYS_EMBED_SWIFT_STANDARD_LIBRARIES = YES;
				BUNDLE_LOADER = "$(TEST_HOST)";
				CODE_SIGN_STYLE = Automatic;
				DEVELOPMENT_TEAM = HGGGKAPK7J;
				INFOPLIST_FILE = "\"About Me\"Tests/Info.plist";
				IPHONEOS_DEPLOYMENT_TARGET = 14.5;
				LD_RUNPATH_SEARCH_PATHS = (
					"$(inherited)",
					"@executable_path/Frameworks",
					"@loader_path/Frameworks",
				);
				PRODUCT_BUNDLE_IDENTIFIER = "N-A.-About-Me-Tests";
				PRODUCT_NAME = "$(TARGET_NAME)";
				SWIFT_VERSION = 5.0;
				TARGETED_DEVICE_FAMILY = "1,2";
				TEST_HOST = "$(BUILT_PRODUCTS_DIR)/\"About Me\".app/\"About Me\"";
			};
			name = Release;
		};
		8604C1D1269FCD9D0019DAA4 /* Debug */ = {
			isa = XCBuildConfiguration;
			buildSettings = {
				ALWAYS_EMBED_SWIFT_STANDARD_LIBRARIES = YES;
				CODE_SIGN_STYLE = Automatic;
				DEVELOPMENT_TEAM = HGGGKAPK7J;
				INFOPLIST_FILE = "\"About Me\"UITests/Info.plist";
				LD_RUNPATH_SEARCH_PATHS = (
					"$(inherited)",
					"@executable_path/Frameworks",
					"@loader_path/Frameworks",
				);
				PRODUCT_BUNDLE_IDENTIFIER = "N-A.-About-Me-UITests";
				PRODUCT_NAME = "$(TARGET_NAME)";
				SWIFT_VERSION = 5.0;
				TARGETED_DEVICE_FAMILY = "1,2";
				TEST_TARGET_NAME = "\"About Me\"";
			};
			name = Debug;
		};
		8604C1D2269FCD9D0019DAA4 /* Release */ = {
			isa = XCBuildConfiguration;
			buildSettings = {
				ALWAYS_EMBED_SWIFT_STANDARD_LIBRARIES = YES;
				CODE_SIGN_STYLE = Automatic;
				DEVELOPMENT_TEAM = HGGGKAPK7J;
				INFOPLIST_FILE = "\"About Me\"UITests/Info.plist";
				LD_RUNPATH_SEARCH_PATHS = (
					"$(inherited)",
					"@executable_path/Frameworks",
					"@loader_path/Frameworks",
				);
				PRODUCT_BUNDLE_IDENTIFIER = "N-A.-About-Me-UITests";
				PRODUCT_NAME = "$(TARGET_NAME)";
				SWIFT_VERSION = 5.0;
				TARGETED_DEVICE_FAMILY = "1,2";
				TEST_TARGET_NAME = "\"About Me\"";
			};
			name = Release;
		};
/* End XCBuildConfiguration section */

/* Begin XCConfigurationList section */
		8604C19B269FCD950019DAA4 /* Build configuration list for PBXProject ""About Me"" */ = {
			isa = XCConfigurationList;
			buildConfigurations = (
				8604C1C8269FCD9D0019DAA4 /* Debug */,
				8604C1C9269FCD9D0019DAA4 /* Release */,
			);
			defaultConfigurationIsVisible = 0;
			defaultConfigurationName = Release;
		};
		8604C1CA269FCD9D0019DAA4 /* Build configuration list for PBXNativeTarget ""About Me"" */ = {
			isa = XCConfigurationList;
			buildConfigurations = (
				8604C1CB269FCD9D0019DAA4 /* Debug */,
				8604C1CC269FCD9D0019DAA4 /* Release */,
			);
			defaultConfigurationIsVisible = 0;
			defaultConfigurationName = Release;
		};
		8604C1CD269FCD9D0019DAA4 /* Build configuration list for PBXNativeTarget ""About Me"Tests" */ = {
			isa = XCConfigurationList;
			buildConfigurations = (
				8604C1CE269FCD9D0019DAA4 /* Debug */,
				8604C1CF269FCD9D0019DAA4 /* Release */,
			);
			defaultConfigurationIsVisible = 0;
			defaultConfigurationName = Release;
		};
		8604C1D0269FCD9D0019DAA4 /* Build configuration list for PBXNativeTarget ""About Me"UITests" */ = {
			isa = XCConfigurationList;
			buildConfigurations = (
				8604C1D1269FCD9D0019DAA4 /* Debug */,
				8604C1D2269FCD9D0019DAA4 /* Release */,
			);
			defaultConfigurationIsVisible = 0;
			defaultConfigurationName = Release;
		};
/* End XCConfigurationList section */
	};
	rootObject = 8604C198269FCD950019DAA4 /* Project object */;
}
